Microsoft Visual Studio Solution File, Format Version 12.00
# Visual Studio Version 17
VisualStudioVersion = 17.5.2.0
MinimumVisualStudioVersion = 10.0.40219.1
Project("{FAE04EC0-301F-11D3-BF4B-00C04F79EFBC}") = "project oop", "project oop.csproj", "{37531B7B-3009-BE4C-5F7A-3DAAFD8C1E2E}"
EndProject
Global
	GlobalSection(SolutionConfigurationPlatforms) = preSolution
		Debug|Any CPU = Debug|Any CPU
		Release|Any CPU = Release|Any CPU
	EndGlobalSection
	GlobalSection(ProjectConfigurationPlatforms) = postSolution
		{37531B7B-3009-BE4C-5F7A-3DAAFD8C1E2E}.Debug|Any CPU.ActiveCfg = Debug|Any CPU
		{37531B7B-3009-BE4C-5F7A-3DAAFD8C1E2E}.Debug|Any CPU.Build.0 = Debug|Any CPU
		{37531B7B-3009-BE4C-5F7A-3DAAFD8C1E2E}.Release|Any CPU.ActiveCfg = Release|Any CPU
		{37531B7B-3009-BE4C-5F7A-3DAAFD8C1E2E}.Release|Any CPU.Build.0 = Release|Any CPU
	EndGlobalSection
	GlobalSection(SolutionProperties) = preSolution
		HideSolutionNode = FALSE
	EndGlobalSection
	GlobalSection(ExtensibilityGlobals) = postSolution
		SolutionGuid = {E90893E0-765B-4525-AF39-4731E16ADAC2}
	EndGlobalSection
EndGlobal
